
Microsoft Visual Studio Solution File, Format Version 12.00
# Visual Studio 14
VisualStudioVersion = 14.0.23107.0
MinimumVisualStudioVersion = 10.0.40219.1
Project("{FAE04EC0-301F-11D3-BF4B-00C04F79EFBC}") = "before", "before\before.csproj", "{EA943C2B-2C9E-4E67-B3D7-B61C5A2620DC}"
EndProject
Project("{FAE04EC0-301F-11D3-BF4B-00C04F79EFBC}") = "HQC.Project.Hangman", "HQC.Project.Hangman2.1\HQC.Project.Hangman.csproj", "{D0D5B78E-B338-4FFF-85DF-7799E37DE4B0}"
EndProject
Project("{FAE04EC0-301F-11D3-BF4B-00C04F79EFBC}") = "HangmanWPF", "HangmanWPF\HangmanWPF.csproj", "{0E8B6102-B72C-40CA-9A8E-B8E176231E21}"
EndProject
Project("{FAE04EC0-301F-11D3-BF4B-00C04F79EFBC}") = "HangmanConsoleApp", "HangmanConsoleApp\HangmanConsoleApp.csproj", "{EA22CA10-34C3-44BC-A023-8EA653523071}"
EndProject
Global
	GlobalSection(SolutionConfigurationPlatforms) = preSolution
		Debug|Any CPU = Debug|Any CPU
		Release|Any CPU = Release|Any CPU
	EndGlobalSection
	GlobalSection(ProjectConfigurationPlatforms) = postSolution
		{EA943C2B-2C9E-4E67-B3D7-B61C5A2620DC}.Debug|Any CPU.ActiveCfg = Debug|Any CPU
		{EA943C2B-2C9E-4E67-B3D7-B61C5A2620DC}.Debug|Any CPU.Build.0 = Debug|Any CPU
		{EA943C2B-2C9E-4E67-B3D7-B61C5A2620DC}.Release|Any CPU.ActiveCfg = Release|Any CPU
		{EA943C2B-2C9E-4E67-B3D7-B61C5A2620DC}.Release|Any CPU.Build.0 = Release|Any CPU
		{D0D5B78E-B338-4FFF-85DF-7799E37DE4B0}.Debug|Any CPU.ActiveCfg = Debug|Any CPU
		{D0D5B78E-B338-4FFF-85DF-7799E37DE4B0}.Debug|Any CPU.Build.0 = Debug|Any CPU
		{D0D5B78E-B338-4FFF-85DF-7799E37DE4B0}.Release|Any CPU.ActiveCfg = Release|Any CPU
		{D0D5B78E-B338-4FFF-85DF-7799E37DE4B0}.Release|Any CPU.Build.0 = Release|Any CPU
		{0E8B6102-B72C-40CA-9A8E-B8E176231E21}.Debug|Any CPU.ActiveCfg = Debug|Any CPU
		{0E8B6102-B72C-40CA-9A8E-B8E176231E21}.Debug|Any CPU.Build.0 = Debug|Any CPU
		{0E8B6102-B72C-40CA-9A8E-B8E176231E21}.Release|Any CPU.ActiveCfg = Release|Any CPU
		{0E8B6102-B72C-40CA-9A8E-B8E176231E21}.Release|Any CPU.Build.0 = Release|Any CPU
		{EA22CA10-34C3-44BC-A023-8EA653523071}.Debug|Any CPU.ActiveCfg = Debug|Any CPU
		{EA22CA10-34C3-44BC-A023-8EA653523071}.Debug|Any CPU.Build.0 = Debug|Any CPU
		{EA22CA10-34C3-44BC-A023-8EA653523071}.Release|Any CPU.ActiveCfg = Release|Any CPU
		{EA22CA10-34C3-44BC-A023-8EA653523071}.Release|Any CPU.Build.0 = Release|Any CPU
	EndGlobalSection
	GlobalSection(SolutionProperties) = preSolution
		HideSolutionNode = FALSE
	EndGlobalSection
EndGlobal
